// !$*UTF8*$!
{
	archiveVersion = 1;
	classes = {
	};
	objectVersion = 56;
	objects = {

/* Begin PBXBuildFile section */
		2B8BBC942C874D82008139DF /* AddClientSheetView.swift in Sources */ = {isa = PBXBuildFile; fileRef = 2B8BBC932C874D82008139DF /* AddClientSheetView.swift */; };
		2B8BBC962C874E20008139DF /* EditProgressUIView.swift in Sources */ = {isa = PBXBuildFile; fileRef = 2B8BBC952C874E20008139DF /* EditProgressUIView.swift */; };
		2B8BBC982C87533B008139DF /* EditClientSheetView.swift in Sources */ = {isa = PBXBuildFile; fileRef = 2B8BBC972C87533B008139DF /* EditClientSheetView.swift */; };
		2B8BBC9C2C885486008139DF /* TabUIView.swift in Sources */ = {isa = PBXBuildFile; fileRef = 2B8BBC9B2C885486008139DF /* TabUIView.swift */; };
		2B8BBC9F2C88589E008139DF /* ClientDetailsUIView.swift in Sources */ = {isa = PBXBuildFile; fileRef = 2B8BBC9E2C88589E008139DF /* ClientDetailsUIView.swift */; };
		2B8BBCA12C8863BB008139DF /* Service.swift in Sources */ = {isa = PBXBuildFile; fileRef = 2B8BBCA02C8863BB008139DF /* Service.swift */; };
		2B8BBCA32C8869D9008139DF /* AddServiceUIView.swift in Sources */ = {isa = PBXBuildFile; fileRef = 2B8BBCA22C8869D9008139DF /* AddServiceUIView.swift */; };
		2B8BBCA52C88732D008139DF /* ServiceCellUIView.swift in Sources */ = {isa = PBXBuildFile; fileRef = 2B8BBCA42C88732D008139DF /* ServiceCellUIView.swift */; };
		2B8BBCAC2C88A07B008139DF /* ProceduresUIView.swift in Sources */ = {isa = PBXBuildFile; fileRef = 2B8BBCAB2C88A07B008139DF /* ProceduresUIView.swift */; };
		2B8BBCAE2C88A14D008139DF /* ProceduresCellUIView.swift in Sources */ = {isa = PBXBuildFile; fileRef = 2B8BBCAD2C88A14D008139DF /* ProceduresCellUIView.swift */; };
		2B8BBCB02C88A1DF008139DF /* Procedure.swift in Sources */ = {isa = PBXBuildFile; fileRef = 2B8BBCAF2C88A1DF008139DF /* Procedure.swift */; };
		2B8BBCB22C88A3C8008139DF /* AddProcedureUIView.swift in Sources */ = {isa = PBXBuildFile; fileRef = 2B8BBCB12C88A3C8008139DF /* AddProcedureUIView.swift */; };
		2B8BBCB42C88A405008139DF /* ProcedureViewModel.swift in Sources */ = {isa = PBXBuildFile; fileRef = 2B8BBCB32C88A405008139DF /* ProcedureViewModel.swift */; };
		2B8BBCBA2C88B28E008139DF /* SettingsUIView.swift in Sources */ = {isa = PBXBuildFile; fileRef = 2B8BBCB92C88B28E008139DF /* SettingsUIView.swift */; };
		2B8BBCBC2C88B2A2008139DF /* SettingsViewModel.swift in Sources */ = {isa = PBXBuildFile; fileRef = 2B8BBCBB2C88B2A2008139DF /* SettingsViewModel.swift */; };
		2B8BBCD52C899F7F008139DF /* CouponsUIView.swift in Sources */ = {isa = PBXBuildFile; fileRef = 2B8BBCD42C899F7F008139DF /* CouponsUIView.swift */; };
		2B8BBCD72C89A067008139DF /* AddCouponsUIView.swift in Sources */ = {isa = PBXBuildFile; fileRef = 2B8BBCD62C89A067008139DF /* AddCouponsUIView.swift */; };
		2B8BBCD92C89AD23008139DF /* Coupon.swift in Sources */ = {isa = PBXBuildFile; fileRef = 2B8BBCD82C89AD23008139DF /* Coupon.swift */; };
		2B8BBCDB2C89AE7B008139DF /* CouponCellUIView.swift in Sources */ = {isa = PBXBuildFile; fileRef = 2B8BBCDA2C89AE7B008139DF /* CouponCellUIView.swift */; };
		2BF2806E2C86EED800336415 /* app874App.swift in Sources */ = {isa = PBXBuildFile; fileRef = 2BF2806D2C86EED800336415 /* app874App.swift */; };
		2BF280702C86EED800336415 /* ContentView.swift in Sources */ = {isa = PBXBuildFile; fileRef = 2BF2806F2C86EED800336415 /* ContentView.swift */; };
		2BF280722C86EEDA00336415 /* Assets.xcassets in Resources */ = {isa = PBXBuildFile; fileRef = 2BF280712C86EEDA00336415 /* Assets.xcassets */; };
		2BF280752C86EEDA00336415 /* Preview Assets.xcassets in Resources */ = {isa = PBXBuildFile; fileRef = 2BF280742C86EEDA00336415 /* Preview Assets.xcassets */; };
		2BF280822C86F0CB00336415 /* ReOnboardingUIView.swift in Sources */ = {isa = PBXBuildFile; fileRef = 2BF280812C86F0CB00336415 /* ReOnboardingUIView.swift */; };
		2BF280842C86F0D500336415 /* UsOnboardingUIView.swift in Sources */ = {isa = PBXBuildFile; fileRef = 2BF280832C86F0D500336415 /* UsOnboardingUIView.swift */; };
		2BF280872C86F23700336415 /* LoaderUIView.swift in Sources */ = {isa = PBXBuildFile; fileRef = 2BF280862C86F23700336415 /* LoaderUIView.swift */; };
		2BF2808D2C87006200336415 /* HomeUIView.swift in Sources */ = {isa = PBXBuildFile; fileRef = 2BF2808C2C87006200336415 /* HomeUIView.swift */; };
		2BF2808F2C870F8D00336415 /* Progress.swift in Sources */ = {isa = PBXBuildFile; fileRef = 2BF2808E2C870F8D00336415 /* Progress.swift */; };
		2BF280912C87111800336415 /* HomeViewModel.swift in Sources */ = {isa = PBXBuildFile; fileRef = 2BF280902C87111800336415 /* HomeViewModel.swift */; };
		2BF280932C8718B400336415 /* Client.swift in Sources */ = {isa = PBXBuildFile; fileRef = 2BF280922C8718B400336415 /* Client.swift */; };
		2BF280952C871D5F00336415 /* ClientCellUIView.swift in Sources */ = {isa = PBXBuildFile; fileRef = 2BF280942C871D5E00336415 /* ClientCellUIView.swift */; };
		2BF280982C872A1700336415 /* ImagePicker.swift in Sources */ = {isa = PBXBuildFile; fileRef = 2BF280972C872A1700336415 /* ImagePicker.swift */; };
/* End PBXBuildFile section */

/* Begin PBXFileReference section */
		2B8BBC932C874D82008139DF /* AddClientSheetView.swift */ = {isa = PBXFileReference; lastKnownFileType = sourcecode.swift; path = AddClientSheetView.swift; sourceTree = "<group>"; };
		2B8BBC952C874E20008139DF /* EditProgressUIView.swift */ = {isa = PBXFileReference; lastKnownFileType = sourcecode.swift; path = EditProgressUIView.swift; sourceTree = "<group>"; };
		2B8BBC972C87533B008139DF /* EditClientSheetView.swift */ = {isa = PBXFileReference; lastKnownFileType = sourcecode.swift; path = EditClientSheetView.swift; sourceTree = "<group>"; };
		2B8BBC9B2C885486008139DF /* TabUIView.swift */ = {isa = PBXFileReference; lastKnownFileType = sourcecode.swift; path = TabUIView.swift; sourceTree = "<group>"; };
		2B8BBC9E2C88589E008139DF /* ClientDetailsUIView.swift */ = {isa = PBXFileReference; lastKnownFileType = sourcecode.swift; path = ClientDetailsUIView.swift; sourceTree = "<group>"; };
		2B8BBCA02C8863BB008139DF /* Service.swift */ = {isa = PBXFileReference; lastKnownFileType = sourcecode.swift; path = Service.swift; sourceTree = "<group>"; };
		2B8BBCA22C8869D9008139DF /* AddServiceUIView.swift */ = {isa = PBXFileReference; lastKnownFileType = sourcecode.swift; path = AddServiceUIView.swift; sourceTree = "<group>"; };
		2B8BBCA42C88732D008139DF /* ServiceCellUIView.swift */ = {isa = PBXFileReference; lastKnownFileType = sourcecode.swift; path = ServiceCellUIView.swift; sourceTree = "<group>"; };
		2B8BBCAB2C88A07B008139DF /* ProceduresUIView.swift */ = {isa = PBXFileReference; lastKnownFileType = sourcecode.swift; path = ProceduresUIView.swift; sourceTree = "<group>"; };
		2B8BBCAD2C88A14D008139DF /* ProceduresCellUIView.swift */ = {isa = PBXFileReference; lastKnownFileType = sourcecode.swift; path = ProceduresCellUIView.swift; sourceTree = "<group>"; };
		2B8BBCAF2C88A1DF008139DF /* Procedure.swift */ = {isa = PBXFileReference; lastKnownFileType = sourcecode.swift; path = Procedure.swift; sourceTree = "<group>"; };
		2B8BBCB12C88A3C8008139DF /* AddProcedureUIView.swift */ = {isa = PBXFileReference; lastKnownFileType = sourcecode.swift; path = AddProcedureUIView.swift; sourceTree = "<group>"; };
		2B8BBCB32C88A405008139DF /* ProcedureViewModel.swift */ = {isa = PBXFileReference; lastKnownFileType = sourcecode.swift; path = ProcedureViewModel.swift; sourceTree = "<group>"; };
		2B8BBCB92C88B28E008139DF /* SettingsUIView.swift */ = {isa = PBXFileReference; lastKnownFileType = sourcecode.swift; path = SettingsUIView.swift; sourceTree = "<group>"; };
		2B8BBCBB2C88B2A2008139DF /* SettingsViewModel.swift */ = {isa = PBXFileReference; lastKnownFileType = sourcecode.swift; path = SettingsViewModel.swift; sourceTree = "<group>"; };
		2B8BBCD42C899F7F008139DF /* CouponsUIView.swift */ = {isa = PBXFileReference; lastKnownFileType = sourcecode.swift; path = CouponsUIView.swift; sourceTree = "<group>"; };
		2B8BBCD62C89A067008139DF /* AddCouponsUIView.swift */ = {isa = PBXFileReference; lastKnownFileType = sourcecode.swift; path = AddCouponsUIView.swift; sourceTree = "<group>"; };
		2B8BBCD82C89AD23008139DF /* Coupon.swift */ = {isa = PBXFileReference; lastKnownFileType = sourcecode.swift; path = Coupon.swift; sourceTree = "<group>"; };
		2B8BBCDA2C89AE7B008139DF /* CouponCellUIView.swift */ = {isa = PBXFileReference; lastKnownFileType = sourcecode.swift; path = CouponCellUIView.swift; sourceTree = "<group>"; };
		2BF2806A2C86EED800336415 /* app874.app */ = {isa = PBXFileReference; explicitFileType = wrapper.application; includeInIndex = 0; path = app874.app; sourceTree = BUILT_PRODUCTS_DIR; };
		2BF2806D2C86EED800336415 /* app874App.swift */ = {isa = PBXFileReference; lastKnownFileType = sourcecode.swift; path = app874App.swift; sourceTree = "<group>"; };
		2BF2806F2C86EED800336415 /* ContentView.swift */ = {isa = PBXFileReference; lastKnownFileType = sourcecode.swift; path = ContentView.swift; sourceTree = "<group>"; };
		2BF280712C86EEDA00336415 /* Assets.xcassets */ = {isa = PBXFileReference; lastKnownFileType = folder.assetcatalog; path = Assets.xcassets; sourceTree = "<group>"; };
		2BF280742C86EEDA00336415 /* Preview Assets.xcassets */ = {isa = PBXFileReference; lastKnownFileType = folder.assetcatalog; path = "Preview Assets.xcassets"; sourceTree = "<group>"; };
		2BF280812C86F0CB00336415 /* ReOnboardingUIView.swift */ = {isa = PBXFileReference; lastKnownFileType = sourcecode.swift; path = ReOnboardingUIView.swift; sourceTree = "<group>"; };
		2BF280832C86F0D500336415 /* UsOnboardingUIView.swift */ = {isa = PBXFileReference; lastKnownFileType = sourcecode.swift; path = UsOnboardingUIView.swift; sourceTree = "<group>"; };
		2BF280862C86F23700336415 /* LoaderUIView.swift */ = {isa = PBXFileReference; lastKnownFileType = sourcecode.swift; path = LoaderUIView.swift; sourceTree = "<group>"; };
		2BF2808C2C87006200336415 /* HomeUIView.swift */ = {isa = PBXFileReference; lastKnownFileType = sourcecode.swift; path = HomeUIView.swift; sourceTree = "<group>"; };
		2BF2808E2C870F8D00336415 /* Progress.swift */ = {isa = PBXFileReference; lastKnownFileType = sourcecode.swift; path = Progress.swift; sourceTree = "<group>"; };
		2BF280902C87111800336415 /* HomeViewModel.swift */ = {isa = PBXFileReference; lastKnownFileType = sourcecode.swift; path = HomeViewModel.swift; sourceTree = "<group>"; };
		2BF280922C8718B400336415 /* Client.swift */ = {isa = PBXFileReference; lastKnownFileType = sourcecode.swift; path = Client.swift; sourceTree = "<group>"; };
		2BF280942C871D5E00336415 /* ClientCellUIView.swift */ = {isa = PBXFileReference; lastKnownFileType = sourcecode.swift; path = ClientCellUIView.swift; sourceTree = "<group>"; };
		2BF280972C872A1700336415 /* ImagePicker.swift */ = {isa = PBXFileReference; lastKnownFileType = sourcecode.swift; path = ImagePicker.swift; sourceTree = "<group>"; };
/* End PBXFileReference section */

/* Begin PBXFrameworksBuildPhase section */
		2BF280672C86EED800336415 /* Frameworks */ = {
			isa = PBXFrameworksBuildPhase;
			buildActionMask = 2147483647;
			files = (
			);
			runOnlyForDeploymentPostprocessing = 0;
		};
/* End PBXFrameworksBuildPhase section */

/* Begin PBXGroup section */
		2B8BBC992C88546E008139DF /* TabView */ = {
			isa = PBXGroup;
			children = (
				2B8BBC9B2C885486008139DF /* TabUIView.swift */,
			);
			path = TabView;
			sourceTree = "<group>";
		};
		2B8BBC9D2C885889008139DF /* ClientDetails */ = {
			isa = PBXGroup;
			children = (
				2B8BBC9E2C88589E008139DF /* ClientDetailsUIView.swift */,
				2B8BBCA22C8869D9008139DF /* AddServiceUIView.swift */,
				2B8BBCA42C88732D008139DF /* ServiceCellUIView.swift */,
			);
			path = ClientDetails;
			sourceTree = "<group>";
		};
		2B8BBCA62C888487008139DF /* Client */ = {
			isa = PBXGroup;
			children = (
				2BF2808C2C87006200336415 /* HomeUIView.swift */,
				2BF280942C871D5E00336415 /* ClientCellUIView.swift */,
				2B8BBC932C874D82008139DF /* AddClientSheetView.swift */,
				2B8BBC952C874E20008139DF /* EditProgressUIView.swift */,
				2B8BBC972C87533B008139DF /* EditClientSheetView.swift */,
			);
			path = Client;
			sourceTree = "<group>";
		};
		2B8BBCA72C889D09008139DF /* Procedures */ = {
			isa = PBXGroup;
			children = (
				2B8BBCAA2C889D2B008139DF /* Model */,
				2B8BBCA92C889D25008139DF /* View */,
				2B8BBCA82C889D1F008139DF /* ViewModel */,
			);
			path = Procedures;
			sourceTree = "<group>";
		};
		2B8BBCA82C889D1F008139DF /* ViewModel */ = {
			isa = PBXGroup;
			children = (
				2B8BBCB32C88A405008139DF /* ProcedureViewModel.swift */,
			);
			path = ViewModel;
			sourceTree = "<group>";
		};
		2B8BBCA92C889D25008139DF /* View */ = {
			isa = PBXGroup;
			children = (
				2B8BBCAB2C88A07B008139DF /* ProceduresUIView.swift */,
				2B8BBCAD2C88A14D008139DF /* ProceduresCellUIView.swift */,
				2B8BBCB12C88A3C8008139DF /* AddProcedureUIView.swift */,
			);
			path = View;
			sourceTree = "<group>";
		};
		2B8BBCAA2C889D2B008139DF /* Model */ = {
			isa = PBXGroup;
			children = (
				2B8BBCAF2C88A1DF008139DF /* Procedure.swift */,
			);
			path = Model;
			sourceTree = "<group>";
		};
		2B8BBCB52C88B247008139DF /* Settings */ = {
			isa = PBXGroup;
			children = (
				2B8BBCB82C88B258008139DF /* Model */,
				2B8BBCB72C88B253008139DF /* View */,
				2B8BBCB62C88B24D008139DF /* ViewModel */,
			);
			path = Settings;
			sourceTree = "<group>";
		};
		2B8BBCB62C88B24D008139DF /* ViewModel */ = {
			isa = PBXGroup;
			children = (
				2B8BBCBB2C88B2A2008139DF /* SettingsViewModel.swift */,
			);
			path = ViewModel;
			sourceTree = "<group>";
		};
		2B8BBCB72C88B253008139DF /* View */ = {
			isa = PBXGroup;
			children = (
				2B8BBCB92C88B28E008139DF /* SettingsUIView.swift */,
				2B8BBCD42C899F7F008139DF /* CouponsUIView.swift */,
				2B8BBCD62C89A067008139DF /* AddCouponsUIView.swift */,
				2B8BBCDA2C89AE7B008139DF /* CouponCellUIView.swift */,
			);
			path = View;
			sourceTree = "<group>";
		};
		2B8BBCB82C88B258008139DF /* Model */ = {
			isa = PBXGroup;
			children = (
				2B8BBCD82C89AD23008139DF /* Coupon.swift */,
			);
			path = Model;
			sourceTree = "<group>";
		};
		2BF280612C86EED800336415 = {
			isa = PBXGroup;
			children = (
				2BF2806C2C86EED800336415 /* app874 */,
				2BF2806B2C86EED800336415 /* Products */,
			);
			sourceTree = "<group>";
		};
		2BF2806B2C86EED800336415 /* Products */ = {
			isa = PBXGroup;
			children = (
				2BF2806A2C86EED800336415 /* app874.app */,
			);
			name = Products;
			sourceTree = "<group>";
		};
		2BF2806C2C86EED800336415 /* app874 */ = {
			isa = PBXGroup;
			children = (
				2BF280852C86F22900336415 /* Loader */,
				2BF2807D2C86F08600336415 /* Service */,
				2BF2807C2C86F07D00336415 /* First */,
				2BF2807B2C86F07200336415 /* Second */,
				2BF2806D2C86EED800336415 /* app874App.swift */,
				2BF2806F2C86EED800336415 /* ContentView.swift */,
				2BF280712C86EEDA00336415 /* Assets.xcassets */,
				2BF280732C86EEDA00336415 /* Preview Content */,
			);
			path = app874;
			sourceTree = "<group>";
		};
		2BF280732C86EEDA00336415 /* Preview Content */ = {
			isa = PBXGroup;
			children = (
				2BF280742C86EEDA00336415 /* Preview Assets.xcassets */,
			);
			path = "Preview Content";
			sourceTree = "<group>";
		};
		2BF2807B2C86F07200336415 /* Second */ = {
			isa = PBXGroup;
			children = (
				2BF280802C86F0A600336415 /* Onboarding */,
			);
			path = Second;
			sourceTree = "<group>";
		};
		2BF2807C2C86F07D00336415 /* First */ = {
			isa = PBXGroup;
			children = (
				2B8BBCB52C88B247008139DF /* Settings */,
				2B8BBCA72C889D09008139DF /* Procedures */,
				2B8BBC992C88546E008139DF /* TabView */,
				2BF280882C87004600336415 /* HomeView */,
				2BF2807E2C86F08E00336415 /* Onboarding */,
			);
			path = First;
			sourceTree = "<group>";
		};
		2BF2807D2C86F08600336415 /* Service */ = {
			isa = PBXGroup;
			children = (
				2BF280972C872A1700336415 /* ImagePicker.swift */,
			);
			path = Service;
			sourceTree = "<group>";
		};
		2BF2807E2C86F08E00336415 /* Onboarding */ = {
			isa = PBXGroup;
			children = (
				2BF280812C86F0CB00336415 /* ReOnboardingUIView.swift */,
			);
			name = Onboarding;
			path = ../Second/Onboarding;
			sourceTree = "<group>";
		};
		2BF280802C86F0A600336415 /* Onboarding */ = {
			isa = PBXGroup;
			children = (
				2BF280832C86F0D500336415 /* UsOnboardingUIView.swift */,
			);
			name = Onboarding;
			path = ../First/Onboarding;
			sourceTree = "<group>";
		};
		2BF280852C86F22900336415 /* Loader */ = {
			isa = PBXGroup;
			children = (
				2BF280862C86F23700336415 /* LoaderUIView.swift */,
			);
			path = Loader;
			sourceTree = "<group>";
		};
		2BF280882C87004600336415 /* HomeView */ = {
			isa = PBXGroup;
			children = (
				2BF2808B2C87005600336415 /* Model */,
				2BF2808A2C87005300336415 /* VIew */,
				2BF280892C87004D00336415 /* ViewModel */,
			);
			path = HomeView;
			sourceTree = "<group>";
		};
		2BF280892C87004D00336415 /* ViewModel */ = {
			isa = PBXGroup;
			children = (
				2BF280902C87111800336415 /* HomeViewModel.swift */,
			);
			path = ViewModel;
			sourceTree = "<group>";
		};
		2BF2808A2C87005300336415 /* VIew */ = {
			isa = PBXGroup;
			children = (
				2B8BBCA62C888487008139DF /* Client */,
				2B8BBC9D2C885889008139DF /* ClientDetails */,
			);
			path = VIew;
			sourceTree = "<group>";
		};
		2BF2808B2C87005600336415 /* Model */ = {
			isa = PBXGroup;
			children = (
				2BF2808E2C870F8D00336415 /* Progress.swift */,
				2BF280922C8718B400336415 /* Client.swift */,
				2B8BBCA02C8863BB008139DF /* Service.swift */,
			);
			path = Model;
			sourceTree = "<group>";
		};
/* End PBXGroup section */

/* Begin PBXNativeTarget section */
		2BF280692C86EED800336415 /* app874 */ = {
			isa = PBXNativeTarget;
			buildConfigurationList = 2BF280782C86EEDA00336415 /* Build configuration list for PBXNativeTarget "app874" */;
			buildPhases = (
				2BF280662C86EED800336415 /* Sources */,
				2BF280672C86EED800336415 /* Frameworks */,
				2BF280682C86EED800336415 /* Resources */,
			);
			buildRules = (
			);
			dependencies = (
			);
			name = app874;
			productName = app874;
			productReference = 2BF2806A2C86EED800336415 /* app874.app */;
			productType = "com.apple.product-type.application";
		};
/* End PBXNativeTarget section */

/* Begin PBXProject section */
		2BF280622C86EED800336415 /* Project object */ = {
			isa = PBXProject;
			attributes = {
				BuildIndependentTargetsInParallel = 1;
				LastSwiftUpdateCheck = 1520;
				LastUpgradeCheck = 1520;
				TargetAttributes = {
					2BF280692C86EED800336415 = {
						CreatedOnToolsVersion = 15.2;
					};
				};
			};
			buildConfigurationList = 2BF280652C86EED800336415 /* Build configuration list for PBXProject "app874" */;
			compatibilityVersion = "Xcode 14.0";
			developmentRegion = en;
			hasScannedForEncodings = 0;
			knownRegions = (
				en,
				Base,
			);
			mainGroup = 2BF280612C86EED800336415;
			productRefGroup = 2BF2806B2C86EED800336415 /* Products */;
			projectDirPath = "";
			projectRoot = "";
			targets = (
				2BF280692C86EED800336415 /* app874 */,
			);
		};
/* End PBXProject section */

/* Begin PBXResourcesBuildPhase section */
		2BF280682C86EED800336415 /* Resources */ = {
			isa = PBXResourcesBuildPhase;
			buildActionMask = 2147483647;
			files = (
				2BF280752C86EEDA00336415 /* Preview Assets.xcassets in Resources */,
				2BF280722C86EEDA00336415 /* Assets.xcassets in Resources */,
			);
			runOnlyForDeploymentPostprocessing = 0;
		};
/* End PBXResourcesBuildPhase section */

/* Begin PBXSourcesBuildPhase section */
		2BF280662C86EED800336415 /* Sources */ = {
			isa = PBXSourcesBuildPhase;
			buildActionMask = 2147483647;
			files = (
				2B8BBCB42C88A405008139DF /* ProcedureViewModel.swift in Sources */,
				2B8BBCA52C88732D008139DF /* ServiceCellUIView.swift in Sources */,
				2B8BBCD72C89A067008139DF /* AddCouponsUIView.swift in Sources */,
				2B8BBCA32C8869D9008139DF /* AddServiceUIView.swift in Sources */,
				2BF280702C86EED800336415 /* ContentView.swift in Sources */,
				2BF280872C86F23700336415 /* LoaderUIView.swift in Sources */,
				2B8BBC9F2C88589E008139DF /* ClientDetailsUIView.swift in Sources */,
				2B8BBC9C2C885486008139DF /* TabUIView.swift in Sources */,
				2BF2806E2C86EED800336415 /* app874App.swift in Sources */,
				2B8BBCB02C88A1DF008139DF /* Procedure.swift in Sources */,
				2B8BBC942C874D82008139DF /* AddClientSheetView.swift in Sources */,
				2BF280952C871D5F00336415 /* ClientCellUIView.swift in Sources */,
				2B8BBC982C87533B008139DF /* EditClientSheetView.swift in Sources */,
				2B8BBCAE2C88A14D008139DF /* ProceduresCellUIView.swift in Sources */,
				2B8BBCAC2C88A07B008139DF /* ProceduresUIView.swift in Sources */,
				2BF280912C87111800336415 /* HomeViewModel.swift in Sources */,
				2B8BBCD92C89AD23008139DF /* Coupon.swift in Sources */,
				2BF2808F2C870F8D00336415 /* Progress.swift in Sources */,
				2B8BBCB22C88A3C8008139DF /* AddProcedureUIView.swift in Sources */,
				2BF280822C86F0CB00336415 /* ReOnboardingUIView.swift in Sources */,
				2B8BBCDB2C89AE7B008139DF /* CouponCellUIView.swift in Sources */,
				2B8BBCA12C8863BB008139DF /* Service.swift in Sources */,
				2BF280982C872A1700336415 /* ImagePicker.swift in Sources */,
				2B8BBCBA2C88B28E008139DF /* SettingsUIView.swift in Sources */,
				2B8BBCBC2C88B2A2008139DF /* SettingsViewModel.swift in Sources */,
				2B8BBC962C874E20008139DF /* EditProgressUIView.swift in Sources */,
				2BF280842C86F0D500336415 /* UsOnboardingUIView.swift in Sources */,
				2BF2808D2C87006200336415 /* HomeUIView.swift in Sources */,
				2BF280932C8718B400336415 /* Client.swift in Sources */,
				2B8BBCD52C899F7F008139DF /* CouponsUIView.swift in Sources */,
			);
			runOnlyForDeploymentPostprocessing = 0;
		};
/* End PBXSourcesBuildPhase section */

/* Begin XCBuildConfiguration section */
		2BF280762C86EEDA00336415 /* Debug */ = {
			isa = XCBuildConfiguration;
			buildSettings = {
				ALWAYS_SEARCH_USER_PATHS = NO;
				ASSETCATALOG_COMPILER_GENERATE_SWIFT_ASSET_SYMBOL_EXTENSIONS = YES;
				CLANG_ANALYZER_NONNULL = YES;
				CLANG_ANALYZER_NUMBER_OBJECT_CONVERSION = YES_AGGRESSIVE;
				CLANG_CXX_LANGUAGE_STANDARD = "gnu++20";
				CLANG_ENABLE_MODULES = YES;
				CLANG_ENABLE_OBJC_ARC = YES;
				CLANG_ENABLE_OBJC_WEAK = YES;
				CLANG_WARN_BLOCK_CAPTURE_AUTORELEASING = YES;
				CLANG_WARN_BOOL_CONVERSION = YES;
				CLANG_WARN_COMMA = YES;
				CLANG_WARN_CONSTANT_CONVERSION = YES;
				CLANG_WARN_DEPRECATED_OBJC_IMPLEMENTATIONS = YES;
				CLANG_WARN_DIRECT_OBJC_ISA_USAGE = YES_ERROR;
				CLANG_WARN_DOCUMENTATION_COMMENTS = YES;
				CLANG_WARN_EMPTY_BODY = YES;
				CLANG_WARN_ENUM_CONVERSION = YES;
				CLANG_WARN_INFINITE_RECURSION = YES;
				CLANG_WARN_INT_CONVERSION = YES;
				CLANG_WARN_NON_LITERAL_NULL_CONVERSION = YES;
				CLANG_WARN_OBJC_IMPLICIT_RETAIN_SELF = YES;
				CLANG_WARN_OBJC_LITERAL_CONVERSION = YES;
				CLANG_WARN_OBJC_ROOT_CLASS = YES_ERROR;
				CLANG_WARN_QUOTED_INCLUDE_IN_FRAMEWORK_HEADER = YES;
				CLANG_WARN_RANGE_LOOP_ANALYSIS = YES;
				CLANG_WARN_STRICT_PROTOTYPES = YES;
				CLANG_WARN_SUSPICIOUS_MOVE = YES;
				CLANG_WARN_UNGUARDED_AVAILABILITY = YES_AGGRESSIVE;
				CLANG_WARN_UNREACHABLE_CODE = YES;
				CLANG_WARN__DUPLICATE_METHOD_MATCH = YES;
				COPY_PHASE_STRIP = NO;
				DEBUG_INFORMATION_FORMAT = dwarf;
				ENABLE_STRICT_OBJC_MSGSEND = YES;
				ENABLE_TESTABILITY = YES;
				ENABLE_USER_SCRIPT_SANDBOXING = YES;
				GCC_C_LANGUAGE_STANDARD = gnu17;
				GCC_DYNAMIC_NO_PIC = NO;
				GCC_NO_COMMON_BLOCKS = YES;
				GCC_OPTIMIZATION_LEVEL = 0;
				GCC_PREPROCESSOR_DEFINITIONS = (
					"DEBUG=1",
					"$(inherited)",
				);
				GCC_WARN_64_TO_32_BIT_CONVERSION = YES;
				GCC_WARN_ABOUT_RETURN_TYPE = YES_ERROR;
				GCC_WARN_UNDECLARED_SELECTOR = YES;
				GCC_WARN_UNINITIALIZED_AUTOS = YES_AGGRESSIVE;
				GCC_WARN_UNUSED_FUNCTION = YES;
				GCC_WARN_UNUSED_VARIABLE = YES;
				IPHONEOS_DEPLOYMENT_TARGET = 17.2;
				LOCALIZATION_PREFERS_STRING_CATALOGS = YES;
				MTL_ENABLE_DEBUG_INFO = INCLUDE_SOURCE;
				MTL_FAST_MATH = YES;
				ONLY_ACTIVE_ARCH = YES;
				SDKROOT = iphoneos;
				SWIFT_ACTIVE_COMPILATION_CONDITIONS = "DEBUG $(inherited)";
				SWIFT_OPTIMIZATION_LEVEL = "-Onone";
			};
			name = Debug;
		};
		2BF280772C86EEDA00336415 /* Release */ = {
			isa = XCBuildConfiguration;
			buildSettings = {
				ALWAYS_SEARCH_USER_PATHS = NO;
				ASSETCATALOG_COMPILER_GENERATE_SWIFT_ASSET_SYMBOL_EXTENSIONS = YES;
				CLANG_ANALYZER_NONNULL = YES;
				CLANG_ANALYZER_NUMBER_OBJECT_CONVERSION = YES_AGGRESSIVE;
				CLANG_CXX_LANGUAGE_STANDARD = "gnu++20";
				CLANG_ENABLE_MODULES = YES;
				CLANG_ENABLE_OBJC_ARC = YES;
				CLANG_ENABLE_OBJC_WEAK = YES;
				CLANG_WARN_BLOCK_CAPTURE_AUTORELEASING = YES;
				CLANG_WARN_BOOL_CONVERSION = YES;
				CLANG_WARN_COMMA = YES;
				CLANG_WARN_CONSTANT_CONVERSION = YES;
				CLANG_WARN_DEPRECATED_OBJC_IMPLEMENTATIONS = YES;
				CLANG_WARN_DIRECT_OBJC_ISA_USAGE = YES_ERROR;
				CLANG_WARN_DOCUMENTATION_COMMENTS = YES;
				CLANG_WARN_EMPTY_BODY = YES;
				CLANG_WARN_ENUM_CONVERSION = YES;
				CLANG_WARN_INFINITE_RECURSION = YES;
				CLANG_WARN_INT_CONVERSION = YES;
				CLANG_WARN_NON_LITERAL_NULL_CONVERSION = YES;
				CLANG_WARN_OBJC_IMPLICIT_RETAIN_SELF = YES;
				CLANG_WARN_OBJC_LITERAL_CONVERSION = YES;
				CLANG_WARN_OBJC_ROOT_CLASS = YES_ERROR;
				CLANG_WARN_QUOTED_INCLUDE_IN_FRAMEWORK_HEADER = YES;
				CLANG_WARN_RANGE_LOOP_ANALYSIS = YES;
				CLANG_WARN_STRICT_PROTOTYPES = YES;
				CLANG_WARN_SUSPICIOUS_MOVE = YES;
				CLANG_WARN_UNGUARDED_AVAILABILITY = YES_AGGRESSIVE;
				CLANG_WARN_UNREACHABLE_CODE = YES;
				CLANG_WARN__DUPLICATE_METHOD_MATCH = YES;
				COPY_PHASE_STRIP = NO;
				DEBUG_INFORMATION_FORMAT = "dwarf-with-dsym";
				ENABLE_NS_ASSERTIONS = NO;
				ENABLE_STRICT_OBJC_MSGSEND = YES;
				ENABLE_USER_SCRIPT_SANDBOXING = YES;
				GCC_C_LANGUAGE_STANDARD = gnu17;
				GCC_NO_COMMON_BLOCKS = YES;
				GCC_WARN_64_TO_32_BIT_CONVERSION = YES;
				GCC_WARN_ABOUT_RETURN_TYPE = YES_ERROR;
				GCC_WARN_UNDECLARED_SELECTOR = YES;
				GCC_WARN_UNINITIALIZED_AUTOS = YES_AGGRESSIVE;
				GCC_WARN_UNUSED_FUNCTION = YES;
				GCC_WARN_UNUSED_VARIABLE = YES;
				IPHONEOS_DEPLOYMENT_TARGET = 17.2;
				LOCALIZATION_PREFERS_STRING_CATALOGS = YES;
				MTL_ENABLE_DEBUG_INFO = NO;
				MTL_FAST_MATH = YES;
				SDKROOT = iphoneos;
				SWIFT_COMPILATION_MODE = wholemodule;
				VALIDATE_PRODUCT = YES;
			};
			name = Release;
		};
		2BF280792C86EEDA00336415 /* Debug */ = {
			isa = XCBuildConfiguration;
			buildSettings = {
				ASSETCATALOG_COMPILER_APPICON_NAME = AppIcon;
				ASSETCATALOG_COMPILER_GLOBAL_ACCENT_COLOR_NAME = AccentColor;
				CODE_SIGN_STYLE = Automatic;
				CURRENT_PROJECT_VERSION = 1;
				DEVELOPMENT_ASSET_PATHS = "\"app874/Preview Content\"";
				ENABLE_PREVIEWS = YES;
				GENERATE_INFOPLIST_FILE = YES;
				INFOPLIST_KEY_UIApplicationSceneManifest_Generation = YES;
				INFOPLIST_KEY_UIApplicationSupportsIndirectInputEvents = YES;
				INFOPLIST_KEY_UILaunchScreen_Generation = YES;
				INFOPLIST_KEY_UISupportedInterfaceOrientations = UIInterfaceOrientationPortrait;
				IPHONEOS_DEPLOYMENT_TARGET = 14.0;
				LD_RUNPATH_SEARCH_PATHS = (
					"$(inherited)",
					"@executable_path/Frameworks",
				);
				MARKETING_VERSION = 1.0;
				PRODUCT_BUNDLE_IDENTIFIER = adm.app874;
				PRODUCT_NAME = "$(TARGET_NAME)";
				SUPPORTED_PLATFORMS = "iphoneos iphonesimulator";
				SUPPORTS_MACCATALYST = NO;
				SUPPORTS_MAC_DESIGNED_FOR_IPHONE_IPAD = NO;
				SUPPORTS_XR_DESIGNED_FOR_IPHONE_IPAD = NO;
				SWIFT_EMIT_LOC_STRINGS = YES;
				SWIFT_VERSION = 5.0;
				TARGETED_DEVICE_FAMILY = 1;
			};
			name = Debug;
		};
		2BF2807A2C86EEDA00336415 /* Release */ = {
			isa = XCBuildConfiguration;
			buildSettings = {
				ASSETCATALOG_COMPILER_APPICON_NAME = AppIcon;
				ASSETCATALOG_COMPILER_GLOBAL_ACCENT_COLOR_NAME = AccentColor;
				CODE_SIGN_STYLE = Automatic;
				CURRENT_PROJECT_VERSION = 1;
				DEVELOPMENT_ASSET_PATHS = "\"app874/Preview Content\"";
				ENABLE_PREVIEWS = YES;
				GENERATE_INFOPLIST_FILE = YES;
				INFOPLIST_KEY_UIApplicationSceneManifest_Generation = YES;
				INFOPLIST_KEY_UIApplicationSupportsIndirectInputEvents = YES;
				INFOPLIST_KEY_UILaunchScreen_Generation = YES;
				INFOPLIST_KEY_UISupportedInterfaceOrientations = UIInterfaceOrientationPortrait;
				IPHONEOS_DEPLOYMENT_TARGET = 14.0;
				LD_RUNPATH_SEARCH_PATHS = (
					"$(inherited)",
					"@executable_path/Frameworks",
				);
				MARKETING_VERSION = 1.0;
				PRODUCT_BUNDLE_IDENTIFIER = adm.app874;
				PRODUCT_NAME = "$(TARGET_NAME)";
				SUPPORTED_PLATFORMS = "iphoneos iphonesimulator";
				SUPPORTS_MACCATALYST = NO;
				SUPPORTS_MAC_DESIGNED_FOR_IPHONE_IPAD = NO;
				SUPPORTS_XR_DESIGNED_FOR_IPHONE_IPAD = NO;
				SWIFT_EMIT_LOC_STRINGS = YES;
				SWIFT_VERSION = 5.0;
				TARGETED_DEVICE_FAMILY = 1;
			};
			name = Release;
		};
/* End XCBuildConfiguration section */

/* Begin XCConfigurationList section */
		2BF280652C86EED800336415 /* Build configuration list for PBXProject "app874" */ = {
			isa = XCConfigurationList;
			buildConfigurations = (
				2BF280762C86EEDA00336415 /* Debug */,
				2BF280772C86EEDA00336415 /* Release */,
			);
			defaultConfigurationIsVisible = 0;
			defaultConfigurationName = Release;
		};
		2BF280782C86EEDA00336415 /* Build configuration list for PBXNativeTarget "app874" */ = {
			isa = XCConfigurationList;
			buildConfigurations = (
				2BF280792C86EEDA00336415 /* Debug */,
				2BF2807A2C86EEDA00336415 /* Release */,
			);
			defaultConfigurationIsVisible = 0;
			defaultConfigurationName = Release;
		};
/* End XCConfigurationList section */
	};
	rootObject = 2BF280622C86EED800336415 /* Project object */;
}
